// !$*UTF8*$!
{
	archiveVersion = 1;
	classes = {
	};
	objectVersion = 56;
	objects = {

/* Begin PBXBuildFile section */
		606804C22B55C2E200E3B4D9 /* Blitz_DealApp.swift in Sources */ = {isa = PBXBuildFile; fileRef = 606804C12B55C2E200E3B4D9 /* Blitz_DealApp.swift */; };
		606804C42B55C2E200E3B4D9 /* ContentView.swift in Sources */ = {isa = PBXBuildFile; fileRef = 606804C32B55C2E200E3B4D9 /* ContentView.swift */; };
		606804C62B55C2E300E3B4D9 /* Assets.xcassets in Resources */ = {isa = PBXBuildFile; fileRef = 606804C52B55C2E300E3B4D9 /* Assets.xcassets */; };
		606804C92B55C2E300E3B4D9 /* Preview Assets.xcassets in Resources */ = {isa = PBXBuildFile; fileRef = 606804C82B55C2E300E3B4D9 /* Preview Assets.xcassets */; };
		606804D12B55C48400E3B4D9 /* GameDealsResponse.swift in Sources */ = {isa = PBXBuildFile; fileRef = 606804D02B55C48400E3B4D9 /* GameDealsResponse.swift */; };
		606804D32B55C51300E3B4D9 /* GameDeal.swift in Sources */ = {isa = PBXBuildFile; fileRef = 606804D22B55C51300E3B4D9 /* GameDeal.swift */; };
		606804D72B55C76B00E3B4D9 /* HttpRoutes.swift in Sources */ = {isa = PBXBuildFile; fileRef = 606804D62B55C76B00E3B4D9 /* HttpRoutes.swift */; };
		606804DB2B55C9C700E3B4D9 /* TabItem.swift in Sources */ = {isa = PBXBuildFile; fileRef = 606804DA2B55C9C700E3B4D9 /* TabItem.swift */; };
		606804DD2B55CADF00E3B4D9 /* HttpManager.swift in Sources */ = {isa = PBXBuildFile; fileRef = 606804DC2B55CADF00E3B4D9 /* HttpManager.swift */; };
		606804DF2B55CDB900E3B4D9 /* HttpError.swift in Sources */ = {isa = PBXBuildFile; fileRef = 606804DE2B55CDB900E3B4D9 /* HttpError.swift */; };
/* End PBXBuildFile section */

/* Begin PBXFileReference section */
		606804BE2B55C2E200E3B4D9 /* Blitz-Deal.app */ = {isa = PBXFileReference; explicitFileType = wrapper.application; includeInIndex = 0; path = "Blitz-Deal.app"; sourceTree = BUILT_PRODUCTS_DIR; };
		606804C12B55C2E200E3B4D9 /* Blitz_DealApp.swift */ = {isa = PBXFileReference; lastKnownFileType = sourcecode.swift; path = Blitz_DealApp.swift; sourceTree = "<group>"; };
		606804C32B55C2E200E3B4D9 /* ContentView.swift */ = {isa = PBXFileReference; lastKnownFileType = sourcecode.swift; path = ContentView.swift; sourceTree = "<group>"; };
		606804C52B55C2E300E3B4D9 /* Assets.xcassets */ = {isa = PBXFileReference; lastKnownFileType = folder.assetcatalog; path = Assets.xcassets; sourceTree = "<group>"; };
		606804C82B55C2E300E3B4D9 /* Preview Assets.xcassets */ = {isa = PBXFileReference; lastKnownFileType = folder.assetcatalog; path = "Preview Assets.xcassets"; sourceTree = "<group>"; };
		606804D02B55C48400E3B4D9 /* GameDealsResponse.swift */ = {isa = PBXFileReference; lastKnownFileType = sourcecode.swift; path = GameDealsResponse.swift; sourceTree = "<group>"; };
		606804D22B55C51300E3B4D9 /* GameDeal.swift */ = {isa = PBXFileReference; lastKnownFileType = sourcecode.swift; path = GameDeal.swift; sourceTree = "<group>"; };
		606804D62B55C76B00E3B4D9 /* HttpRoutes.swift */ = {isa = PBXFileReference; lastKnownFileType = sourcecode.swift; path = HttpRoutes.swift; sourceTree = "<group>"; };
		606804DA2B55C9C700E3B4D9 /* TabItem.swift */ = {isa = PBXFileReference; lastKnownFileType = sourcecode.swift; path = TabItem.swift; sourceTree = "<group>"; };
		606804DC2B55CADF00E3B4D9 /* HttpManager.swift */ = {isa = PBXFileReference; lastKnownFileType = sourcecode.swift; path = HttpManager.swift; sourceTree = "<group>"; };
		606804DE2B55CDB900E3B4D9 /* HttpError.swift */ = {isa = PBXFileReference; lastKnownFileType = sourcecode.swift; path = HttpError.swift; sourceTree = "<group>"; };
/* End PBXFileReference section */

/* Begin PBXFrameworksBuildPhase section */
		606804BB2B55C2E200E3B4D9 /* Frameworks */ = {
			isa = PBXFrameworksBuildPhase;
			buildActionMask = 2147483647;
			files = (
			);
			runOnlyForDeploymentPostprocessing = 0;
		};
/* End PBXFrameworksBuildPhase section */

/* Begin PBXGroup section */
		606804B52B55C2E200E3B4D9 = {
			isa = PBXGroup;
			children = (
				606804C02B55C2E200E3B4D9 /* Blitz-Deal */,
				606804BF2B55C2E200E3B4D9 /* Products */,
			);
			sourceTree = "<group>";
		};
		606804BF2B55C2E200E3B4D9 /* Products */ = {
			isa = PBXGroup;
			children = (
				606804BE2B55C2E200E3B4D9 /* Blitz-Deal.app */,
			);
			name = Products;
			sourceTree = "<group>";
		};
		606804C02B55C2E200E3B4D9 /* Blitz-Deal */ = {
			isa = PBXGroup;
			children = (
				606804D82B55C93B00E3B4D9 /* Views */,
				606804D52B55C74D00E3B4D9 /* Utilities */,
				606804D42B55C73400E3B4D9 /* Repository */,
				606804CF2B55C34B00E3B4D9 /* API Models */,
				606804C12B55C2E200E3B4D9 /* Blitz_DealApp.swift */,
				606804C32B55C2E200E3B4D9 /* ContentView.swift */,
				606804C52B55C2E300E3B4D9 /* Assets.xcassets */,
				606804C72B55C2E300E3B4D9 /* Preview Content */,
			);
			path = "Blitz-Deal";
			sourceTree = "<group>";
		};
		606804C72B55C2E300E3B4D9 /* Preview Content */ = {
			isa = PBXGroup;
			children = (
				606804C82B55C2E300E3B4D9 /* Preview Assets.xcassets */,
			);
			path = "Preview Content";
			sourceTree = "<group>";
		};
		606804CF2B55C34B00E3B4D9 /* API Models */ = {
			isa = PBXGroup;
			children = (
				606804D02B55C48400E3B4D9 /* GameDealsResponse.swift */,
				606804D22B55C51300E3B4D9 /* GameDeal.swift */,
			);
			path = "API Models";
			sourceTree = "<group>";
		};
		606804D42B55C73400E3B4D9 /* Repository */ = {
			isa = PBXGroup;
			children = (
				606804DC2B55CADF00E3B4D9 /* HttpManager.swift */,
			);
			path = Repository;
			sourceTree = "<group>";
		};
		606804D52B55C74D00E3B4D9 /* Utilities */ = {
			isa = PBXGroup;
			children = (
				606804D62B55C76B00E3B4D9 /* HttpRoutes.swift */,
				606804DE2B55CDB900E3B4D9 /* HttpError.swift */,
				606804DA2B55C9C700E3B4D9 /* TabItem.swift */,
			);
			path = Utilities;
			sourceTree = "<group>";
		};
		606804D82B55C93B00E3B4D9 /* Views */ = {
			isa = PBXGroup;
			children = (
				606804D92B55C94700E3B4D9 /* Subviews */,
			);
			path = Views;
			sourceTree = "<group>";
		};
		606804D92B55C94700E3B4D9 /* Subviews */ = {
			isa = PBXGroup;
			children = (
			);
			path = Subviews;
			sourceTree = "<group>";
		};
/* End PBXGroup section */

/* Begin PBXNativeTarget section */
		606804BD2B55C2E200E3B4D9 /* Blitz-Deal */ = {
			isa = PBXNativeTarget;
			buildConfigurationList = 606804CC2B55C2E300E3B4D9 /* Build configuration list for PBXNativeTarget "Blitz-Deal" */;
			buildPhases = (
				606804BA2B55C2E200E3B4D9 /* Sources */,
				606804BB2B55C2E200E3B4D9 /* Frameworks */,
				606804BC2B55C2E200E3B4D9 /* Resources */,
			);
			buildRules = (
			);
			dependencies = (
			);
			name = "Blitz-Deal";
			productName = "Blitz-Deal";
			productReference = 606804BE2B55C2E200E3B4D9 /* Blitz-Deal.app */;
			productType = "com.apple.product-type.application";
		};
/* End PBXNativeTarget section */

/* Begin PBXProject section */
		606804B62B55C2E200E3B4D9 /* Project object */ = {
			isa = PBXProject;
			attributes = {
				BuildIndependentTargetsInParallel = 1;
				LastSwiftUpdateCheck = 1510;
				LastUpgradeCheck = 1510;
				TargetAttributes = {
					606804BD2B55C2E200E3B4D9 = {
						CreatedOnToolsVersion = 15.1;
					};
				};
			};
			buildConfigurationList = 606804B92B55C2E200E3B4D9 /* Build configuration list for PBXProject "Blitz-Deal" */;
			compatibilityVersion = "Xcode 14.0";
			developmentRegion = en;
			hasScannedForEncodings = 0;
			knownRegions = (
				en,
				Base,
			);
			mainGroup = 606804B52B55C2E200E3B4D9;
			productRefGroup = 606804BF2B55C2E200E3B4D9 /* Products */;
			projectDirPath = "";
			projectRoot = "";
			targets = (
				606804BD2B55C2E200E3B4D9 /* Blitz-Deal */,
			);
		};
/* End PBXProject section */

/* Begin PBXResourcesBuildPhase section */
		606804BC2B55C2E200E3B4D9 /* Resources */ = {
			isa = PBXResourcesBuildPhase;
			buildActionMask = 2147483647;
			files = (
				606804C92B55C2E300E3B4D9 /* Preview Assets.xcassets in Resources */,
				606804C62B55C2E300E3B4D9 /* Assets.xcassets in Resources */,
			);
			runOnlyForDeploymentPostprocessing = 0;
		};
/* End PBXResourcesBuildPhase section */

/* Begin PBXSourcesBuildPhase section */
		606804BA2B55C2E200E3B4D9 /* Sources */ = {
			isa = PBXSourcesBuildPhase;
			buildActionMask = 2147483647;
			files = (
				606804D72B55C76B00E3B4D9 /* HttpRoutes.swift in Sources */,
				606804DD2B55CADF00E3B4D9 /* HttpManager.swift in Sources */,
				606804C42B55C2E200E3B4D9 /* ContentView.swift in Sources */,
				606804DB2B55C9C700E3B4D9 /* TabItem.swift in Sources */,
				606804DF2B55CDB900E3B4D9 /* HttpError.swift in Sources */,
				606804D32B55C51300E3B4D9 /* GameDeal.swift in Sources */,
				606804C22B55C2E200E3B4D9 /* Blitz_DealApp.swift in Sources */,
				606804D12B55C48400E3B4D9 /* GameDealsResponse.swift in Sources */,
			);
			runOnlyForDeploymentPostprocessing = 0;
		};
/* End PBXSourcesBuildPhase section */

/* Begin XCBuildConfiguration section */
		606804CA2B55C2E300E3B4D9 /* Debug */ = {
			isa = XCBuildConfiguration;
			buildSettings = {
				ALWAYS_SEARCH_USER_PATHS = NO;
				ASSETCATALOG_COMPILER_GENERATE_SWIFT_ASSET_SYMBOL_EXTENSIONS = YES;
				CLANG_ANALYZER_NONNULL = YES;
				CLANG_ANALYZER_NUMBER_OBJECT_CONVERSION = YES_AGGRESSIVE;
				CLANG_CXX_LANGUAGE_STANDARD = "gnu++20";
				CLANG_ENABLE_MODULES = YES;
				CLANG_ENABLE_OBJC_ARC = YES;
				CLANG_ENABLE_OBJC_WEAK = YES;
				CLANG_WARN_BLOCK_CAPTURE_AUTORELEASING = YES;
				CLANG_WARN_BOOL_CONVERSION = YES;
				CLANG_WARN_COMMA = YES;
				CLANG_WARN_CONSTANT_CONVERSION = YES;
				CLANG_WARN_DEPRECATED_OBJC_IMPLEMENTATIONS = YES;
				CLANG_WARN_DIRECT_OBJC_ISA_USAGE = YES_ERROR;
				CLANG_WARN_DOCUMENTATION_COMMENTS = YES;
				CLANG_WARN_EMPTY_BODY = YES;
				CLANG_WARN_ENUM_CONVERSION = YES;
				CLANG_WARN_INFINITE_RECURSION = YES;
				CLANG_WARN_INT_CONVERSION = YES;
				CLANG_WARN_NON_LITERAL_NULL_CONVERSION = YES;
				CLANG_WARN_OBJC_IMPLICIT_RETAIN_SELF = YES;
				CLANG_WARN_OBJC_LITERAL_CONVERSION = YES;
				CLANG_WARN_OBJC_ROOT_CLASS = YES_ERROR;
				CLANG_WARN_QUOTED_INCLUDE_IN_FRAMEWORK_HEADER = YES;
				CLANG_WARN_RANGE_LOOP_ANALYSIS = YES;
				CLANG_WARN_STRICT_PROTOTYPES = YES;
				CLANG_WARN_SUSPICIOUS_MOVE = YES;
				CLANG_WARN_UNGUARDED_AVAILABILITY = YES_AGGRESSIVE;
				CLANG_WARN_UNREACHABLE_CODE = YES;
				CLANG_WARN__DUPLICATE_METHOD_MATCH = YES;
				COPY_PHASE_STRIP = NO;
				DEBUG_INFORMATION_FORMAT = dwarf;
				ENABLE_STRICT_OBJC_MSGSEND = YES;
				ENABLE_TESTABILITY = YES;
				ENABLE_USER_SCRIPT_SANDBOXING = YES;
				GCC_C_LANGUAGE_STANDARD = gnu17;
				GCC_DYNAMIC_NO_PIC = NO;
				GCC_NO_COMMON_BLOCKS = YES;
				GCC_OPTIMIZATION_LEVEL = 0;
				GCC_PREPROCESSOR_DEFINITIONS = (
					"DEBUG=1",
					"$(inherited)",
				);
				GCC_WARN_64_TO_32_BIT_CONVERSION = YES;
				GCC_WARN_ABOUT_RETURN_TYPE = YES_ERROR;
				GCC_WARN_UNDECLARED_SELECTOR = YES;
				GCC_WARN_UNINITIALIZED_AUTOS = YES_AGGRESSIVE;
				GCC_WARN_UNUSED_FUNCTION = YES;
				GCC_WARN_UNUSED_VARIABLE = YES;
				IPHONEOS_DEPLOYMENT_TARGET = 17.2;
				LOCALIZATION_PREFERS_STRING_CATALOGS = YES;
				MTL_ENABLE_DEBUG_INFO = INCLUDE_SOURCE;
				MTL_FAST_MATH = YES;
				ONLY_ACTIVE_ARCH = YES;
				SDKROOT = iphoneos;
				SWIFT_ACTIVE_COMPILATION_CONDITIONS = "DEBUG $(inherited)";
				SWIFT_OPTIMIZATION_LEVEL = "-Onone";
			};
			name = Debug;
		};
		606804CB2B55C2E300E3B4D9 /* Release */ = {
			isa = XCBuildConfiguration;
			buildSettings = {
				ALWAYS_SEARCH_USER_PATHS = NO;
				ASSETCATALOG_COMPILER_GENERATE_SWIFT_ASSET_SYMBOL_EXTENSIONS = YES;
				CLANG_ANALYZER_NONNULL = YES;
				CLANG_ANALYZER_NUMBER_OBJECT_CONVERSION = YES_AGGRESSIVE;
				CLANG_CXX_LANGUAGE_STANDARD = "gnu++20";
				CLANG_ENABLE_MODULES = YES;
				CLANG_ENABLE_OBJC_ARC = YES;
				CLANG_ENABLE_OBJC_WEAK = YES;
				CLANG_WARN_BLOCK_CAPTURE_AUTORELEASING = YES;
				CLANG_WARN_BOOL_CONVERSION = YES;
				CLANG_WARN_COMMA = YES;
				CLANG_WARN_CONSTANT_CONVERSION = YES;
				CLANG_WARN_DEPRECATED_OBJC_IMPLEMENTATIONS = YES;
				CLANG_WARN_DIRECT_OBJC_ISA_USAGE = YES_ERROR;
				CLANG_WARN_DOCUMENTATION_COMMENTS = YES;
				CLANG_WARN_EMPTY_BODY = YES;
				CLANG_WARN_ENUM_CONVERSION = YES;
				CLANG_WARN_INFINITE_RECURSION = YES;
				CLANG_WARN_INT_CONVERSION = YES;
				CLANG_WARN_NON_LITERAL_NULL_CONVERSION = YES;
				CLANG_WARN_OBJC_IMPLICIT_RETAIN_SELF = YES;
				CLANG_WARN_OBJC_LITERAL_CONVERSION = YES;
				CLANG_WARN_OBJC_ROOT_CLASS = YES_ERROR;
				CLANG_WARN_QUOTED_INCLUDE_IN_FRAMEWORK_HEADER = YES;
				CLANG_WARN_RANGE_LOOP_ANALYSIS = YES;
				CLANG_WARN_STRICT_PROTOTYPES = YES;
				CLANG_WARN_SUSPICIOUS_MOVE = YES;
				CLANG_WARN_UNGUARDED_AVAILABILITY = YES_AGGRESSIVE;
				CLANG_WARN_UNREACHABLE_CODE = YES;
				CLANG_WARN__DUPLICATE_METHOD_MATCH = YES;
				COPY_PHASE_STRIP = NO;
				DEBUG_INFORMATION_FORMAT = "dwarf-with-dsym";
				ENABLE_NS_ASSERTIONS = NO;
				ENABLE_STRICT_OBJC_MSGSEND = YES;
				ENABLE_USER_SCRIPT_SANDBOXING = YES;
				GCC_C_LANGUAGE_STANDARD = gnu17;
				GCC_NO_COMMON_BLOCKS = YES;
				GCC_WARN_64_TO_32_BIT_CONVERSION = YES;
				GCC_WARN_ABOUT_RETURN_TYPE = YES_ERROR;
				GCC_WARN_UNDECLARED_SELECTOR = YES;
				GCC_WARN_UNINITIALIZED_AUTOS = YES_AGGRESSIVE;
				GCC_WARN_UNUSED_FUNCTION = YES;
				GCC_WARN_UNUSED_VARIABLE = YES;
				IPHONEOS_DEPLOYMENT_TARGET = 17.2;
				LOCALIZATION_PREFERS_STRING_CATALOGS = YES;
				MTL_ENABLE_DEBUG_INFO = NO;
				MTL_FAST_MATH = YES;
				SDKROOT = iphoneos;
				SWIFT_COMPILATION_MODE = wholemodule;
				VALIDATE_PRODUCT = YES;
			};
			name = Release;
		};
		606804CD2B55C2E300E3B4D9 /* Debug */ = {
			isa = XCBuildConfiguration;
			buildSettings = {
				ASSETCATALOG_COMPILER_APPICON_NAME = AppIcon;
				ASSETCATALOG_COMPILER_GLOBAL_ACCENT_COLOR_NAME = AccentColor;
				CODE_SIGN_STYLE = Automatic;
				CURRENT_PROJECT_VERSION = 1;
				DEVELOPMENT_ASSET_PATHS = "\"Blitz-Deal/Preview Content\"";
				ENABLE_PREVIEWS = YES;
				GENERATE_INFOPLIST_FILE = YES;
				INFOPLIST_KEY_UIApplicationSceneManifest_Generation = YES;
				INFOPLIST_KEY_UIApplicationSupportsIndirectInputEvents = YES;
				INFOPLIST_KEY_UILaunchScreen_Generation = YES;
				INFOPLIST_KEY_UISupportedInterfaceOrientations_iPad = "UIInterfaceOrientationPortrait UIInterfaceOrientationPortraitUpsideDown UIInterfaceOrientationLandscapeLeft UIInterfaceOrientationLandscapeRight";
				INFOPLIST_KEY_UISupportedInterfaceOrientations_iPhone = "UIInterfaceOrientationPortrait UIInterfaceOrientationLandscapeLeft UIInterfaceOrientationLandscapeRight";
				LD_RUNPATH_SEARCH_PATHS = (
					"$(inherited)",
					"@executable_path/Frameworks",
				);
				MARKETING_VERSION = 1.0;
				PRODUCT_BUNDLE_IDENTIFIER = "com.Blitzmachine.Blitz-Deal";
				PRODUCT_NAME = "$(TARGET_NAME)";
				SWIFT_EMIT_LOC_STRINGS = YES;
				SWIFT_VERSION = 5.0;
				TARGETED_DEVICE_FAMILY = "1,2";
			};
			name = Debug;
		};
		606804CE2B55C2E300E3B4D9 /* Release */ = {
			isa = XCBuildConfiguration;
			buildSettings = {
				ASSETCATALOG_COMPILER_APPICON_NAME = AppIcon;
				ASSETCATALOG_COMPILER_GLOBAL_ACCENT_COLOR_NAME = AccentColor;
				CODE_SIGN_STYLE = Automatic;
				CURRENT_PROJECT_VERSION = 1;
				DEVELOPMENT_ASSET_PATHS = "\"Blitz-Deal/Preview Content\"";
				ENABLE_PREVIEWS = YES;
				GENERATE_INFOPLIST_FILE = YES;
				INFOPLIST_KEY_UIApplicationSceneManifest_Generation = YES;
				INFOPLIST_KEY_UIApplicationSupportsIndirectInputEvents = YES;
				INFOPLIST_KEY_UILaunchScreen_Generation = YES;
				INFOPLIST_KEY_UISupportedInterfaceOrientations_iPad = "UIInterfaceOrientationPortrait UIInterfaceOrientationPortraitUpsideDown UIInterfaceOrientationLandscapeLeft UIInterfaceOrientationLandscapeRight";
				INFOPLIST_KEY_UISupportedInterfaceOrientations_iPhone = "UIInterfaceOrientationPortrait UIInterfaceOrientationLandscapeLeft UIInterfaceOrientationLandscapeRight";
				LD_RUNPATH_SEARCH_PATHS = (
					"$(inherited)",
					"@executable_path/Frameworks",
				);
				MARKETING_VERSION = 1.0;
				PRODUCT_BUNDLE_IDENTIFIER = "com.Blitzmachine.Blitz-Deal";
				PRODUCT_NAME = "$(TARGET_NAME)";
				SWIFT_EMIT_LOC_STRINGS = YES;
				SWIFT_VERSION = 5.0;
				TARGETED_DEVICE_FAMILY = "1,2";
			};
			name = Release;
		};
/* End XCBuildConfiguration section */

/* Begin XCConfigurationList section */
		606804B92B55C2E200E3B4D9 /* Build configuration list for PBXProject "Blitz-Deal" */ = {
			isa = XCConfigurationList;
			buildConfigurations = (
				606804CA2B55C2E300E3B4D9 /* Debug */,
				606804CB2B55C2E300E3B4D9 /* Release */,
			);
			defaultConfigurationIsVisible = 0;
			defaultConfigurationName = Release;
		};
		606804CC2B55C2E300E3B4D9 /* Build configuration list for PBXNativeTarget "Blitz-Deal" */ = {
			isa = XCConfigurationList;
			buildConfigurations = (
				606804CD2B55C2E300E3B4D9 /* Debug */,
				606804CE2B55C2E300E3B4D9 /* Release */,
			);
			defaultConfigurationIsVisible = 0;
			defaultConfigurationName = Release;
		};
/* End XCConfigurationList section */
	};
	rootObject = 606804B62B55C2E200E3B4D9 /* Project object */;
}
