// !$*UTF8*$!
{
	archiveVersion = 1;
	classes = {
	};
	objectVersion = 56;
	objects = {

/* Begin PBXBuildFile section */
		601E1BE42BA057E5002CEA05 /* NotificationHandler.swift in Sources */ = {isa = PBXBuildFile; fileRef = 601E1BE32BA057E5002CEA05 /* NotificationHandler.swift */; };
		602658492B8D08B500CE9368 /* PersistentStoreManager.swift in Sources */ = {isa = PBXBuildFile; fileRef = 602658482B8D08B500CE9368 /* PersistentStoreManager.swift */; };
		6026584F2B8D167F00CE9368 /* StoreObjectsManager.swift in Sources */ = {isa = PBXBuildFile; fileRef = 6026584E2B8D167F00CE9368 /* StoreObjectsManager.swift */; };
		605805F52B90F03600211E33 /* Stores.xcdatamodeld in Sources */ = {isa = PBXBuildFile; fileRef = 605805F22B90F03600211E33 /* Stores.xcdatamodeld */; };
		605806062B910CE200211E33 /* StoreObjectsHandler.swift in Sources */ = {isa = PBXBuildFile; fileRef = 605806052B910CE200211E33 /* StoreObjectsHandler.swift */; };
		606804C22B55C2E200E3B4D9 /* AppCore.swift in Sources */ = {isa = PBXBuildFile; fileRef = 606804C12B55C2E200E3B4D9 /* AppCore.swift */; };
		606804C42B55C2E200E3B4D9 /* ContentView.swift in Sources */ = {isa = PBXBuildFile; fileRef = 606804C32B55C2E200E3B4D9 /* ContentView.swift */; };
		606804C62B55C2E300E3B4D9 /* Assets.xcassets in Resources */ = {isa = PBXBuildFile; fileRef = 606804C52B55C2E300E3B4D9 /* Assets.xcassets */; };
		606804C92B55C2E300E3B4D9 /* Preview Assets.xcassets in Resources */ = {isa = PBXBuildFile; fileRef = 606804C82B55C2E300E3B4D9 /* Preview Assets.xcassets */; };
		60680D272B879D450046D15D /* CheapSharkStoreObject.swift in Sources */ = {isa = PBXBuildFile; fileRef = 60680D262B879D450046D15D /* CheapSharkStoreObject.swift */; };
		60680D2C2B879FBC0046D15D /* CheapSharkService.swift in Sources */ = {isa = PBXBuildFile; fileRef = 60680D2B2B879FBC0046D15D /* CheapSharkService.swift */; };
		60680D2F2B87A1690046D15D /* CheapSharkEndpoint.swift in Sources */ = {isa = PBXBuildFile; fileRef = 60680D2E2B87A1690046D15D /* CheapSharkEndpoint.swift */; };
		607E5CF82B88936700A43B3D /* CheapSharkServiceError.swift in Sources */ = {isa = PBXBuildFile; fileRef = 607E5CF72B88936700A43B3D /* CheapSharkServiceError.swift */; };
		6080693C2BA06ED800FD49A8 /* SplashScreenView.swift in Sources */ = {isa = PBXBuildFile; fileRef = 6080693B2BA06ED800FD49A8 /* SplashScreenView.swift */; };
		6095266B2B8F4E520035B59E /* CastToObjExt.swift in Sources */ = {isa = PBXBuildFile; fileRef = 6095266A2B8F4E520035B59E /* CastToObjExt.swift */; };
		60C1B3042B95E319002094DF /* SSToastMessage in Frameworks */ = {isa = PBXBuildFile; productRef = 60C1B3032B95E319002094DF /* SSToastMessage */; };
		60C1B3072B9F3663002094DF /* NotificationView.swift in Sources */ = {isa = PBXBuildFile; fileRef = 60C1B3062B9F3663002094DF /* NotificationView.swift */; };
		60C1B30A2B9F3FD4002094DF /* NotificationType.swift in Sources */ = {isa = PBXBuildFile; fileRef = 60C1B3092B9F3FD4002094DF /* NotificationType.swift */; };
/* End PBXBuildFile section */

/* Begin PBXFileReference section */
		601E1BE32BA057E5002CEA05 /* NotificationHandler.swift */ = {isa = PBXFileReference; lastKnownFileType = sourcecode.swift; path = NotificationHandler.swift; sourceTree = "<group>"; };
		602658482B8D08B500CE9368 /* PersistentStoreManager.swift */ = {isa = PBXFileReference; lastKnownFileType = sourcecode.swift; path = PersistentStoreManager.swift; sourceTree = "<group>"; };
		6026584E2B8D167F00CE9368 /* StoreObjectsManager.swift */ = {isa = PBXFileReference; lastKnownFileType = sourcecode.swift; path = StoreObjectsManager.swift; sourceTree = "<group>"; };
		605805F32B90F03600211E33 /* Stores.xcdatamodel */ = {isa = PBXFileReference; lastKnownFileType = wrapper.xcdatamodel; path = Stores.xcdatamodel; sourceTree = "<group>"; };
		605805F42B90F03600211E33 /* StoreInformation.xcdatamodel */ = {isa = PBXFileReference; lastKnownFileType = wrapper.xcdatamodel; path = StoreInformation.xcdatamodel; sourceTree = "<group>"; };
		605806052B910CE200211E33 /* StoreObjectsHandler.swift */ = {isa = PBXFileReference; lastKnownFileType = sourcecode.swift; path = StoreObjectsHandler.swift; sourceTree = "<group>"; };
		606804BE2B55C2E200E3B4D9 /* Blitz-Deal.app */ = {isa = PBXFileReference; explicitFileType = wrapper.application; includeInIndex = 0; path = "Blitz-Deal.app"; sourceTree = BUILT_PRODUCTS_DIR; };
		606804C12B55C2E200E3B4D9 /* AppCore.swift */ = {isa = PBXFileReference; lastKnownFileType = sourcecode.swift; path = AppCore.swift; sourceTree = "<group>"; };
		606804C32B55C2E200E3B4D9 /* ContentView.swift */ = {isa = PBXFileReference; lastKnownFileType = sourcecode.swift; path = ContentView.swift; sourceTree = "<group>"; };
		606804C52B55C2E300E3B4D9 /* Assets.xcassets */ = {isa = PBXFileReference; lastKnownFileType = folder.assetcatalog; path = Assets.xcassets; sourceTree = "<group>"; };
		606804C82B55C2E300E3B4D9 /* Preview Assets.xcassets */ = {isa = PBXFileReference; lastKnownFileType = folder.assetcatalog; path = "Preview Assets.xcassets"; sourceTree = "<group>"; };
		60680D262B879D450046D15D /* CheapSharkStoreObject.swift */ = {isa = PBXFileReference; lastKnownFileType = sourcecode.swift; path = CheapSharkStoreObject.swift; sourceTree = "<group>"; };
		60680D2B2B879FBC0046D15D /* CheapSharkService.swift */ = {isa = PBXFileReference; lastKnownFileType = sourcecode.swift; path = CheapSharkService.swift; sourceTree = "<group>"; };
		60680D2E2B87A1690046D15D /* CheapSharkEndpoint.swift */ = {isa = PBXFileReference; lastKnownFileType = sourcecode.swift; path = CheapSharkEndpoint.swift; sourceTree = "<group>"; };
		607E5CF72B88936700A43B3D /* CheapSharkServiceError.swift */ = {isa = PBXFileReference; lastKnownFileType = sourcecode.swift; path = CheapSharkServiceError.swift; sourceTree = "<group>"; };
		6080693B2BA06ED800FD49A8 /* SplashScreenView.swift */ = {isa = PBXFileReference; lastKnownFileType = sourcecode.swift; path = SplashScreenView.swift; sourceTree = "<group>"; };
		6095266A2B8F4E520035B59E /* CastToObjExt.swift */ = {isa = PBXFileReference; lastKnownFileType = sourcecode.swift; path = CastToObjExt.swift; sourceTree = "<group>"; };
		60C1B3062B9F3663002094DF /* NotificationView.swift */ = {isa = PBXFileReference; lastKnownFileType = sourcecode.swift; path = NotificationView.swift; sourceTree = "<group>"; };
		60C1B3092B9F3FD4002094DF /* NotificationType.swift */ = {isa = PBXFileReference; lastKnownFileType = sourcecode.swift; path = NotificationType.swift; sourceTree = "<group>"; };
/* End PBXFileReference section */

/* Begin PBXFrameworksBuildPhase section */
		606804BB2B55C2E200E3B4D9 /* Frameworks */ = {
			isa = PBXFrameworksBuildPhase;
			buildActionMask = 2147483647;
			files = (
				60C1B3042B95E319002094DF /* SSToastMessage in Frameworks */,
			);
			runOnlyForDeploymentPostprocessing = 0;
		};
/* End PBXFrameworksBuildPhase section */

/* Begin PBXGroup section */
		601E1BE02BA056DE002CEA05 /* Notification */ = {
			isa = PBXGroup;
			children = (
				601E1BE32BA057E5002CEA05 /* NotificationHandler.swift */,
			);
			path = Notification;
			sourceTree = "<group>";
		};
		601E1BE22BA0578B002CEA05 /* Enums */ = {
			isa = PBXGroup;
			children = (
				60C1B3092B9F3FD4002094DF /* NotificationType.swift */,
			);
			path = Enums;
			sourceTree = "<group>";
		};
		602658432B8D06A900CE9368 /* Core Data */ = {
			isa = PBXGroup;
			children = (
				609526692B8F4E360035B59E /* Extensions */,
				602658532B8D246D00CE9368 /* Enums */,
				6026584D2B8D166A00CE9368 /* Manager */,
				602658442B8D06B000CE9368 /* PersistentCotainer */,
			);
			path = "Core Data";
			sourceTree = "<group>";
		};
		602658442B8D06B000CE9368 /* PersistentCotainer */ = {
			isa = PBXGroup;
			children = (
				605805F62B90FF1600211E33 /* Stores */,
			);
			path = PersistentCotainer;
			sourceTree = "<group>";
		};
		6026584A2B8D12CE00CE9368 /* App Core */ = {
			isa = PBXGroup;
			children = (
				606804C12B55C2E200E3B4D9 /* AppCore.swift */,
				605805FE2B910C7500211E33 /* ViewModels */,
				6026584B2B8D130A00CE9368 /* Views */,
			);
			path = "App Core";
			sourceTree = "<group>";
		};
		6026584B2B8D130A00CE9368 /* Views */ = {
			isa = PBXGroup;
			children = (
				6080693A2BA06EAC00FD49A8 /* SplashScreen */,
				60C1B3052B9F3639002094DF /* Notification */,
				605806012B910CB300211E33 /* Games */,
				605806002B910C9C00211E33 /* Deals */,
				605805FF2B910C8E00211E33 /* Stores */,
				606804C32B55C2E200E3B4D9 /* ContentView.swift */,
			);
			path = Views;
			sourceTree = "<group>";
		};
		6026584D2B8D166A00CE9368 /* Manager */ = {
			isa = PBXGroup;
			children = (
				6026584E2B8D167F00CE9368 /* StoreObjectsManager.swift */,
			);
			path = Manager;
			sourceTree = "<group>";
		};
		602658532B8D246D00CE9368 /* Enums */ = {
			isa = PBXGroup;
			children = (
			);
			path = Enums;
			sourceTree = "<group>";
		};
		605805F62B90FF1600211E33 /* Stores */ = {
			isa = PBXGroup;
			children = (
				602658482B8D08B500CE9368 /* PersistentStoreManager.swift */,
				605805F22B90F03600211E33 /* Stores.xcdatamodeld */,
			);
			path = Stores;
			sourceTree = "<group>";
		};
		605805FE2B910C7500211E33 /* ViewModels */ = {
			isa = PBXGroup;
			children = (
				601E1BE02BA056DE002CEA05 /* Notification */,
				605806042B910CC700211E33 /* Games */,
				605806032B910CC100211E33 /* Deals */,
				605806022B910CBC00211E33 /* Stores */,
			);
			path = ViewModels;
			sourceTree = "<group>";
		};
		605805FF2B910C8E00211E33 /* Stores */ = {
			isa = PBXGroup;
			children = (
			);
			path = Stores;
			sourceTree = "<group>";
		};
		605806002B910C9C00211E33 /* Deals */ = {
			isa = PBXGroup;
			children = (
			);
			path = Deals;
			sourceTree = "<group>";
		};
		605806012B910CB300211E33 /* Games */ = {
			isa = PBXGroup;
			children = (
			);
			path = Games;
			sourceTree = "<group>";
		};
		605806022B910CBC00211E33 /* Stores */ = {
			isa = PBXGroup;
			children = (
				605806052B910CE200211E33 /* StoreObjectsHandler.swift */,
			);
			path = Stores;
			sourceTree = "<group>";
		};
		605806032B910CC100211E33 /* Deals */ = {
			isa = PBXGroup;
			children = (
			);
			path = Deals;
			sourceTree = "<group>";
		};
		605806042B910CC700211E33 /* Games */ = {
			isa = PBXGroup;
			children = (
			);
			path = Games;
			sourceTree = "<group>";
		};
		606804B52B55C2E200E3B4D9 = {
			isa = PBXGroup;
			children = (
				606804C02B55C2E200E3B4D9 /* Blitz-Deal */,
				606804BF2B55C2E200E3B4D9 /* Products */,
			);
			sourceTree = "<group>";
		};
		606804BF2B55C2E200E3B4D9 /* Products */ = {
			isa = PBXGroup;
			children = (
				606804BE2B55C2E200E3B4D9 /* Blitz-Deal.app */,
			);
			name = Products;
			sourceTree = "<group>";
		};
		606804C02B55C2E200E3B4D9 /* Blitz-Deal */ = {
			isa = PBXGroup;
			children = (
				6026584A2B8D12CE00CE9368 /* App Core */,
				602658432B8D06A900CE9368 /* Core Data */,
				60680D242B879CF40046D15D /* API */,
				606804C52B55C2E300E3B4D9 /* Assets.xcassets */,
				606804C72B55C2E300E3B4D9 /* Preview Content */,
			);
			path = "Blitz-Deal";
			sourceTree = "<group>";
		};
		606804C72B55C2E300E3B4D9 /* Preview Content */ = {
			isa = PBXGroup;
			children = (
				606804C82B55C2E300E3B4D9 /* Preview Assets.xcassets */,
			);
			path = "Preview Content";
			sourceTree = "<group>";
		};
		60680D242B879CF40046D15D /* API */ = {
			isa = PBXGroup;
			children = (
				60680D302B87A2C90046D15D /* Utils */,
				60680D2D2B87A15D0046D15D /* Enums */,
				60680D2A2B879F6E0046D15D /* Services */,
				60680D252B879D0B0046D15D /* Models */,
			);
			path = API;
			sourceTree = "<group>";
		};
		60680D252B879D0B0046D15D /* Models */ = {
			isa = PBXGroup;
			children = (
				60680D262B879D450046D15D /* CheapSharkStoreObject.swift */,
			);
			path = Models;
			sourceTree = "<group>";
		};
		60680D2A2B879F6E0046D15D /* Services */ = {
			isa = PBXGroup;
			children = (
				60680D2B2B879FBC0046D15D /* CheapSharkService.swift */,
			);
			path = Services;
			sourceTree = "<group>";
		};
		60680D2D2B87A15D0046D15D /* Enums */ = {
			isa = PBXGroup;
			children = (
				60680D2E2B87A1690046D15D /* CheapSharkEndpoint.swift */,
				607E5CF72B88936700A43B3D /* CheapSharkServiceError.swift */,
			);
			path = Enums;
			sourceTree = "<group>";
		};
		60680D302B87A2C90046D15D /* Utils */ = {
			isa = PBXGroup;
			children = (
			);
			path = Utils;
			sourceTree = "<group>";
		};
		6080693A2BA06EAC00FD49A8 /* SplashScreen */ = {
			isa = PBXGroup;
			children = (
				6080693B2BA06ED800FD49A8 /* SplashScreenView.swift */,
			);
			path = SplashScreen;
			sourceTree = "<group>";
		};
		609526692B8F4E360035B59E /* Extensions */ = {
			isa = PBXGroup;
			children = (
				6095266A2B8F4E520035B59E /* CastToObjExt.swift */,
			);
			path = Extensions;
			sourceTree = "<group>";
		};
		60C1B3052B9F3639002094DF /* Notification */ = {
			isa = PBXGroup;
			children = (
				601E1BE22BA0578B002CEA05 /* Enums */,
				60C1B3062B9F3663002094DF /* NotificationView.swift */,
			);
			path = Notification;
			sourceTree = "<group>";
		};
/* End PBXGroup section */

/* Begin PBXNativeTarget section */
		606804BD2B55C2E200E3B4D9 /* Blitz-Deal */ = {
			isa = PBXNativeTarget;
			buildConfigurationList = 606804CC2B55C2E300E3B4D9 /* Build configuration list for PBXNativeTarget "Blitz-Deal" */;
			buildPhases = (
				606804BA2B55C2E200E3B4D9 /* Sources */,
				606804BB2B55C2E200E3B4D9 /* Frameworks */,
				606804BC2B55C2E200E3B4D9 /* Resources */,
			);
			buildRules = (
			);
			dependencies = (
			);
			name = "Blitz-Deal";
			packageProductDependencies = (
				60C1B3032B95E319002094DF /* SSToastMessage */,
			);
			productName = "Blitz-Deal";
			productReference = 606804BE2B55C2E200E3B4D9 /* Blitz-Deal.app */;
			productType = "com.apple.product-type.application";
		};
/* End PBXNativeTarget section */

/* Begin PBXProject section */
		606804B62B55C2E200E3B4D9 /* Project object */ = {
			isa = PBXProject;
			attributes = {
				BuildIndependentTargetsInParallel = 1;
				LastSwiftUpdateCheck = 1510;
				LastUpgradeCheck = 1510;
				TargetAttributes = {
					606804BD2B55C2E200E3B4D9 = {
						CreatedOnToolsVersion = 15.1;
					};
				};
			};
			buildConfigurationList = 606804B92B55C2E200E3B4D9 /* Build configuration list for PBXProject "Blitz-Deal" */;
			compatibilityVersion = "Xcode 14.0";
			developmentRegion = en;
			hasScannedForEncodings = 0;
			knownRegions = (
				en,
				Base,
			);
			mainGroup = 606804B52B55C2E200E3B4D9;
			packageReferences = (
				60C1B3022B95E319002094DF /* XCRemoteSwiftPackageReference "SSToastMessage" */,
			);
			productRefGroup = 606804BF2B55C2E200E3B4D9 /* Products */;
			projectDirPath = "";
			projectRoot = "";
			targets = (
				606804BD2B55C2E200E3B4D9 /* Blitz-Deal */,
			);
		};
/* End PBXProject section */

/* Begin PBXResourcesBuildPhase section */
		606804BC2B55C2E200E3B4D9 /* Resources */ = {
			isa = PBXResourcesBuildPhase;
			buildActionMask = 2147483647;
			files = (
				606804C92B55C2E300E3B4D9 /* Preview Assets.xcassets in Resources */,
				606804C62B55C2E300E3B4D9 /* Assets.xcassets in Resources */,
			);
			runOnlyForDeploymentPostprocessing = 0;
		};
/* End PBXResourcesBuildPhase section */

/* Begin PBXSourcesBuildPhase section */
		606804BA2B55C2E200E3B4D9 /* Sources */ = {
			isa = PBXSourcesBuildPhase;
			buildActionMask = 2147483647;
			files = (
				60C1B30A2B9F3FD4002094DF /* NotificationType.swift in Sources */,
				6026584F2B8D167F00CE9368 /* StoreObjectsManager.swift in Sources */,
				6080693C2BA06ED800FD49A8 /* SplashScreenView.swift in Sources */,
				602658492B8D08B500CE9368 /* PersistentStoreManager.swift in Sources */,
				60C1B3072B9F3663002094DF /* NotificationView.swift in Sources */,
				606804C42B55C2E200E3B4D9 /* ContentView.swift in Sources */,
				607E5CF82B88936700A43B3D /* CheapSharkServiceError.swift in Sources */,
				605806062B910CE200211E33 /* StoreObjectsHandler.swift in Sources */,
				60680D272B879D450046D15D /* CheapSharkStoreObject.swift in Sources */,
				60680D2F2B87A1690046D15D /* CheapSharkEndpoint.swift in Sources */,
				601E1BE42BA057E5002CEA05 /* NotificationHandler.swift in Sources */,
				6095266B2B8F4E520035B59E /* CastToObjExt.swift in Sources */,
				605805F52B90F03600211E33 /* Stores.xcdatamodeld in Sources */,
				60680D2C2B879FBC0046D15D /* CheapSharkService.swift in Sources */,
				606804C22B55C2E200E3B4D9 /* AppCore.swift in Sources */,
			);
			runOnlyForDeploymentPostprocessing = 0;
		};
/* End PBXSourcesBuildPhase section */

/* Begin XCBuildConfiguration section */
		606804CA2B55C2E300E3B4D9 /* Debug */ = {
			isa = XCBuildConfiguration;
			buildSettings = {
				ALWAYS_SEARCH_USER_PATHS = NO;
				ASSETCATALOG_COMPILER_GENERATE_SWIFT_ASSET_SYMBOL_EXTENSIONS = YES;
				CLANG_ANALYZER_NONNULL = YES;
				CLANG_ANALYZER_NUMBER_OBJECT_CONVERSION = YES_AGGRESSIVE;
				CLANG_CXX_LANGUAGE_STANDARD = "gnu++20";
				CLANG_ENABLE_MODULES = YES;
				CLANG_ENABLE_OBJC_ARC = YES;
				CLANG_ENABLE_OBJC_WEAK = YES;
				CLANG_WARN_BLOCK_CAPTURE_AUTORELEASING = YES;
				CLANG_WARN_BOOL_CONVERSION = YES;
				CLANG_WARN_COMMA = YES;
				CLANG_WARN_CONSTANT_CONVERSION = YES;
				CLANG_WARN_DEPRECATED_OBJC_IMPLEMENTATIONS = YES;
				CLANG_WARN_DIRECT_OBJC_ISA_USAGE = YES_ERROR;
				CLANG_WARN_DOCUMENTATION_COMMENTS = YES;
				CLANG_WARN_EMPTY_BODY = YES;
				CLANG_WARN_ENUM_CONVERSION = YES;
				CLANG_WARN_INFINITE_RECURSION = YES;
				CLANG_WARN_INT_CONVERSION = YES;
				CLANG_WARN_NON_LITERAL_NULL_CONVERSION = YES;
				CLANG_WARN_OBJC_IMPLICIT_RETAIN_SELF = YES;
				CLANG_WARN_OBJC_LITERAL_CONVERSION = YES;
				CLANG_WARN_OBJC_ROOT_CLASS = YES_ERROR;
				CLANG_WARN_QUOTED_INCLUDE_IN_FRAMEWORK_HEADER = YES;
				CLANG_WARN_RANGE_LOOP_ANALYSIS = YES;
				CLANG_WARN_STRICT_PROTOTYPES = YES;
				CLANG_WARN_SUSPICIOUS_MOVE = YES;
				CLANG_WARN_UNGUARDED_AVAILABILITY = YES_AGGRESSIVE;
				CLANG_WARN_UNREACHABLE_CODE = YES;
				CLANG_WARN__DUPLICATE_METHOD_MATCH = YES;
				COPY_PHASE_STRIP = NO;
				DEBUG_INFORMATION_FORMAT = dwarf;
				ENABLE_STRICT_OBJC_MSGSEND = YES;
				ENABLE_TESTABILITY = YES;
				ENABLE_USER_SCRIPT_SANDBOXING = YES;
				GCC_C_LANGUAGE_STANDARD = gnu17;
				GCC_DYNAMIC_NO_PIC = NO;
				GCC_NO_COMMON_BLOCKS = YES;
				GCC_OPTIMIZATION_LEVEL = 0;
				GCC_PREPROCESSOR_DEFINITIONS = (
					"DEBUG=1",
					"$(inherited)",
				);
				GCC_WARN_64_TO_32_BIT_CONVERSION = YES;
				GCC_WARN_ABOUT_RETURN_TYPE = YES_ERROR;
				GCC_WARN_UNDECLARED_SELECTOR = YES;
				GCC_WARN_UNINITIALIZED_AUTOS = YES_AGGRESSIVE;
				GCC_WARN_UNUSED_FUNCTION = YES;
				GCC_WARN_UNUSED_VARIABLE = YES;
				IPHONEOS_DEPLOYMENT_TARGET = 17.2;
				LOCALIZATION_PREFERS_STRING_CATALOGS = YES;
				MTL_ENABLE_DEBUG_INFO = INCLUDE_SOURCE;
				MTL_FAST_MATH = YES;
				ONLY_ACTIVE_ARCH = YES;
				SDKROOT = iphoneos;
				SWIFT_ACTIVE_COMPILATION_CONDITIONS = "DEBUG $(inherited)";
				SWIFT_OPTIMIZATION_LEVEL = "-Onone";
			};
			name = Debug;
		};
		606804CB2B55C2E300E3B4D9 /* Release */ = {
			isa = XCBuildConfiguration;
			buildSettings = {
				ALWAYS_SEARCH_USER_PATHS = NO;
				ASSETCATALOG_COMPILER_GENERATE_SWIFT_ASSET_SYMBOL_EXTENSIONS = YES;
				CLANG_ANALYZER_NONNULL = YES;
				CLANG_ANALYZER_NUMBER_OBJECT_CONVERSION = YES_AGGRESSIVE;
				CLANG_CXX_LANGUAGE_STANDARD = "gnu++20";
				CLANG_ENABLE_MODULES = YES;
				CLANG_ENABLE_OBJC_ARC = YES;
				CLANG_ENABLE_OBJC_WEAK = YES;
				CLANG_WARN_BLOCK_CAPTURE_AUTORELEASING = YES;
				CLANG_WARN_BOOL_CONVERSION = YES;
				CLANG_WARN_COMMA = YES;
				CLANG_WARN_CONSTANT_CONVERSION = YES;
				CLANG_WARN_DEPRECATED_OBJC_IMPLEMENTATIONS = YES;
				CLANG_WARN_DIRECT_OBJC_ISA_USAGE = YES_ERROR;
				CLANG_WARN_DOCUMENTATION_COMMENTS = YES;
				CLANG_WARN_EMPTY_BODY = YES;
				CLANG_WARN_ENUM_CONVERSION = YES;
				CLANG_WARN_INFINITE_RECURSION = YES;
				CLANG_WARN_INT_CONVERSION = YES;
				CLANG_WARN_NON_LITERAL_NULL_CONVERSION = YES;
				CLANG_WARN_OBJC_IMPLICIT_RETAIN_SELF = YES;
				CLANG_WARN_OBJC_LITERAL_CONVERSION = YES;
				CLANG_WARN_OBJC_ROOT_CLASS = YES_ERROR;
				CLANG_WARN_QUOTED_INCLUDE_IN_FRAMEWORK_HEADER = YES;
				CLANG_WARN_RANGE_LOOP_ANALYSIS = YES;
				CLANG_WARN_STRICT_PROTOTYPES = YES;
				CLANG_WARN_SUSPICIOUS_MOVE = YES;
				CLANG_WARN_UNGUARDED_AVAILABILITY = YES_AGGRESSIVE;
				CLANG_WARN_UNREACHABLE_CODE = YES;
				CLANG_WARN__DUPLICATE_METHOD_MATCH = YES;
				COPY_PHASE_STRIP = NO;
				DEBUG_INFORMATION_FORMAT = "dwarf-with-dsym";
				ENABLE_NS_ASSERTIONS = NO;
				ENABLE_STRICT_OBJC_MSGSEND = YES;
				ENABLE_USER_SCRIPT_SANDBOXING = YES;
				GCC_C_LANGUAGE_STANDARD = gnu17;
				GCC_NO_COMMON_BLOCKS = YES;
				GCC_WARN_64_TO_32_BIT_CONVERSION = YES;
				GCC_WARN_ABOUT_RETURN_TYPE = YES_ERROR;
				GCC_WARN_UNDECLARED_SELECTOR = YES;
				GCC_WARN_UNINITIALIZED_AUTOS = YES_AGGRESSIVE;
				GCC_WARN_UNUSED_FUNCTION = YES;
				GCC_WARN_UNUSED_VARIABLE = YES;
				IPHONEOS_DEPLOYMENT_TARGET = 17.2;
				LOCALIZATION_PREFERS_STRING_CATALOGS = YES;
				MTL_ENABLE_DEBUG_INFO = NO;
				MTL_FAST_MATH = YES;
				SDKROOT = iphoneos;
				SWIFT_COMPILATION_MODE = wholemodule;
				VALIDATE_PRODUCT = YES;
			};
			name = Release;
		};
		606804CD2B55C2E300E3B4D9 /* Debug */ = {
			isa = XCBuildConfiguration;
			buildSettings = {
				ASSETCATALOG_COMPILER_APPICON_NAME = AppIcon;
				ASSETCATALOG_COMPILER_GLOBAL_ACCENT_COLOR_NAME = AccentColor;
				CODE_SIGN_STYLE = Automatic;
				CURRENT_PROJECT_VERSION = 1;
				DEVELOPMENT_ASSET_PATHS = "\"Blitz-Deal/Preview Content\"";
				ENABLE_PREVIEWS = YES;
				GENERATE_INFOPLIST_FILE = YES;
				INFOPLIST_KEY_UIApplicationSceneManifest_Generation = YES;
				INFOPLIST_KEY_UIApplicationSupportsIndirectInputEvents = YES;
				INFOPLIST_KEY_UILaunchScreen_Generation = YES;
				INFOPLIST_KEY_UISupportedInterfaceOrientations_iPad = "UIInterfaceOrientationPortrait UIInterfaceOrientationPortraitUpsideDown UIInterfaceOrientationLandscapeLeft UIInterfaceOrientationLandscapeRight";
				INFOPLIST_KEY_UISupportedInterfaceOrientations_iPhone = "UIInterfaceOrientationPortrait UIInterfaceOrientationLandscapeLeft UIInterfaceOrientationLandscapeRight";
				LD_RUNPATH_SEARCH_PATHS = (
					"$(inherited)",
					"@executable_path/Frameworks",
				);
				MARKETING_VERSION = 1.0;
				PRODUCT_BUNDLE_IDENTIFIER = "com.Blitzmachine.Blitz-Deal";
				PRODUCT_NAME = "$(TARGET_NAME)";
				SWIFT_EMIT_LOC_STRINGS = YES;
				SWIFT_VERSION = 5.0;
				TARGETED_DEVICE_FAMILY = "1,2";
			};
			name = Debug;
		};
		606804CE2B55C2E300E3B4D9 /* Release */ = {
			isa = XCBuildConfiguration;
			buildSettings = {
				ASSETCATALOG_COMPILER_APPICON_NAME = AppIcon;
				ASSETCATALOG_COMPILER_GLOBAL_ACCENT_COLOR_NAME = AccentColor;
				CODE_SIGN_STYLE = Automatic;
				CURRENT_PROJECT_VERSION = 1;
				DEVELOPMENT_ASSET_PATHS = "\"Blitz-Deal/Preview Content\"";
				ENABLE_PREVIEWS = YES;
				GENERATE_INFOPLIST_FILE = YES;
				INFOPLIST_KEY_UIApplicationSceneManifest_Generation = YES;
				INFOPLIST_KEY_UIApplicationSupportsIndirectInputEvents = YES;
				INFOPLIST_KEY_UILaunchScreen_Generation = YES;
				INFOPLIST_KEY_UISupportedInterfaceOrientations_iPad = "UIInterfaceOrientationPortrait UIInterfaceOrientationPortraitUpsideDown UIInterfaceOrientationLandscapeLeft UIInterfaceOrientationLandscapeRight";
				INFOPLIST_KEY_UISupportedInterfaceOrientations_iPhone = "UIInterfaceOrientationPortrait UIInterfaceOrientationLandscapeLeft UIInterfaceOrientationLandscapeRight";
				LD_RUNPATH_SEARCH_PATHS = (
					"$(inherited)",
					"@executable_path/Frameworks",
				);
				MARKETING_VERSION = 1.0;
				PRODUCT_BUNDLE_IDENTIFIER = "com.Blitzmachine.Blitz-Deal";
				PRODUCT_NAME = "$(TARGET_NAME)";
				SWIFT_EMIT_LOC_STRINGS = YES;
				SWIFT_VERSION = 5.0;
				TARGETED_DEVICE_FAMILY = "1,2";
			};
			name = Release;
		};
/* End XCBuildConfiguration section */

/* Begin XCConfigurationList section */
		606804B92B55C2E200E3B4D9 /* Build configuration list for PBXProject "Blitz-Deal" */ = {
			isa = XCConfigurationList;
			buildConfigurations = (
				606804CA2B55C2E300E3B4D9 /* Debug */,
				606804CB2B55C2E300E3B4D9 /* Release */,
			);
			defaultConfigurationIsVisible = 0;
			defaultConfigurationName = Release;
		};
		606804CC2B55C2E300E3B4D9 /* Build configuration list for PBXNativeTarget "Blitz-Deal" */ = {
			isa = XCConfigurationList;
			buildConfigurations = (
				606804CD2B55C2E300E3B4D9 /* Debug */,
				606804CE2B55C2E300E3B4D9 /* Release */,
			);
			defaultConfigurationIsVisible = 0;
			defaultConfigurationName = Release;
		};
/* End XCConfigurationList section */

/* Begin XCRemoteSwiftPackageReference section */
		60C1B3022B95E319002094DF /* XCRemoteSwiftPackageReference "SSToastMessage" */ = {
			isa = XCRemoteSwiftPackageReference;
			repositoryURL = "https://github.com/SimformSolutionsPvtLtd/SSToastMessage.git";
			requirement = {
				kind = upToNextMajorVersion;
				minimumVersion = 1.0.0;
			};
		};
/* End XCRemoteSwiftPackageReference section */

/* Begin XCSwiftPackageProductDependency section */
		60C1B3032B95E319002094DF /* SSToastMessage */ = {
			isa = XCSwiftPackageProductDependency;
			package = 60C1B3022B95E319002094DF /* XCRemoteSwiftPackageReference "SSToastMessage" */;
			productName = SSToastMessage;
		};
/* End XCSwiftPackageProductDependency section */

/* Begin XCVersionGroup section */
		605805F22B90F03600211E33 /* Stores.xcdatamodeld */ = {
			isa = XCVersionGroup;
			children = (
				605805F32B90F03600211E33 /* Stores.xcdatamodel */,
				605805F42B90F03600211E33 /* StoreInformation.xcdatamodel */,
			);
			currentVersion = 605805F32B90F03600211E33 /* Stores.xcdatamodel */;
			path = Stores.xcdatamodeld;
			sourceTree = "<group>";
			versionGroupType = wrapper.xcdatamodel;
		};
/* End XCVersionGroup section */
	};
	rootObject = 606804B62B55C2E200E3B4D9 /* Project object */;
}
